
Microsoft Visual Studio Solution File, Format Version 12.00
# Visual Studio Version 16
VisualStudioVersion = 16.0.31205.134
MinimumVisualStudioVersion = 10.0.40219.1
Project("{FAE04EC0-301F-11D3-BF4B-00C04F79EFBC}") = "MotionDetection_Aforge", "MotionDetection_Aforge.csproj", "{A5FA95B4-4CBD-4D5F-9CD4-531C4F8A02BE}"
EndProject
Global
	GlobalSection(SolutionConfigurationPlatforms) = preSolution
		Debug|Any CPU = Debug|Any CPU
		Release|Any CPU = Release|Any CPU
	EndGlobalSection
	GlobalSection(ProjectConfigurationPlatforms) = postSolution
		{A5FA95B4-4CBD-4D5F-9CD4-531C4F8A02BE}.Debug|Any CPU.ActiveCfg = Debug|Any CPU
		{A5FA95B4-4CBD-4D5F-9CD4-531C4F8A02BE}.Debug|Any CPU.Build.0 = Debug|Any CPU
		{A5FA95B4-4CBD-4D5F-9CD4-531C4F8A02BE}.Release|Any CPU.ActiveCfg = Release|Any CPU
		{A5FA95B4-4CBD-4D5F-9CD4-531C4F8A02BE}.Release|Any CPU.Build.0 = Release|Any CPU
	EndGlobalSection
	GlobalSection(SolutionProperties) = preSolution
		HideSolutionNode = FALSE
	EndGlobalSection
	GlobalSection(ExtensibilityGlobals) = postSolution
		SolutionGuid = {3D0319D5-EDBE-4012-9772-689368380227}
	EndGlobalSection
EndGlobal
