
Microsoft Visual Studio Solution File, Format Version 12.00
# Visual Studio Version 16
VisualStudioVersion = 16.0.31205.134
MinimumVisualStudioVersion = 10.0.40219.1
Project("{FAE04EC0-301F-11D3-BF4B-00C04F79EFBC}") = "ImageProcessing_EmguCV", "ImageProcessing_EmguCV.csproj", "{121F4A7F-568B-4920-B9E2-FE7EB4B399CD}"
EndProject
Global
	GlobalSection(SolutionConfigurationPlatforms) = preSolution
		Debug|Any CPU = Debug|Any CPU
		Release|Any CPU = Release|Any CPU
	EndGlobalSection
	GlobalSection(ProjectConfigurationPlatforms) = postSolution
		{121F4A7F-568B-4920-B9E2-FE7EB4B399CD}.Debug|Any CPU.ActiveCfg = Debug|Any CPU
		{121F4A7F-568B-4920-B9E2-FE7EB4B399CD}.Debug|Any CPU.Build.0 = Debug|Any CPU
		{121F4A7F-568B-4920-B9E2-FE7EB4B399CD}.Release|Any CPU.ActiveCfg = Release|Any CPU
		{121F4A7F-568B-4920-B9E2-FE7EB4B399CD}.Release|Any CPU.Build.0 = Release|Any CPU
	EndGlobalSection
	GlobalSection(SolutionProperties) = preSolution
		HideSolutionNode = FALSE
	EndGlobalSection
	GlobalSection(ExtensibilityGlobals) = postSolution
		SolutionGuid = {A07AE80D-05AF-413B-960C-3ABF4576BE50}
	EndGlobalSection
EndGlobal
